
Microsoft Visual Studio Solution File, Format Version 11.00
# Visual Studio 2010
Project("{FAE04EC0-301F-11D3-BF4B-00C04F79EFBC}") = "Arena", "Arena\Arena.csproj", "{B8F26A51-7808-4BA1-8F15-727E759AE4B3}"
EndProject
Project("{FAE04EC0-301F-11D3-BF4B-00C04F79EFBC}") = "Lidgren.Messages", "Lidgren.Messages\Lidgren.Messages.csproj", "{9B6866A3-ED4D-496C-8DC5-7F9DB1519CF1}"
EndProject
Project("{FAE04EC0-301F-11D3-BF4B-00C04F79EFBC}") = "Arena.Game", "ArenaGame\Arena.Game.csproj", "{492D53F3-6243-47FA-A3CB-945C76113BC5}"
EndProject
Global
	GlobalSection(SolutionConfigurationPlatforms) = preSolution
		Debug|Any CPU = Debug|Any CPU
		Release|Any CPU = Release|Any CPU
	EndGlobalSection
	GlobalSection(ProjectConfigurationPlatforms) = postSolution
		{B8F26A51-7808-4BA1-8F15-727E759AE4B3}.Debug|Any CPU.ActiveCfg = Debug|Any CPU
		{B8F26A51-7808-4BA1-8F15-727E759AE4B3}.Debug|Any CPU.Build.0 = Debug|Any CPU
		{B8F26A51-7808-4BA1-8F15-727E759AE4B3}.Release|Any CPU.ActiveCfg = Release|Any CPU
		{B8F26A51-7808-4BA1-8F15-727E759AE4B3}.Release|Any CPU.Build.0 = Release|Any CPU
		{9B6866A3-ED4D-496C-8DC5-7F9DB1519CF1}.Debug|Any CPU.ActiveCfg = Debug|Any CPU
		{9B6866A3-ED4D-496C-8DC5-7F9DB1519CF1}.Debug|Any CPU.Build.0 = Debug|Any CPU
		{9B6866A3-ED4D-496C-8DC5-7F9DB1519CF1}.Release|Any CPU.ActiveCfg = Release|Any CPU
		{9B6866A3-ED4D-496C-8DC5-7F9DB1519CF1}.Release|Any CPU.Build.0 = Release|Any CPU
		{492D53F3-6243-47FA-A3CB-945C76113BC5}.Debug|Any CPU.ActiveCfg = Debug|Any CPU
		{492D53F3-6243-47FA-A3CB-945C76113BC5}.Debug|Any CPU.Build.0 = Debug|Any CPU
		{492D53F3-6243-47FA-A3CB-945C76113BC5}.Release|Any CPU.ActiveCfg = Release|Any CPU
		{492D53F3-6243-47FA-A3CB-945C76113BC5}.Release|Any CPU.Build.0 = Release|Any CPU
	EndGlobalSection
	GlobalSection(SolutionProperties) = preSolution
		HideSolutionNode = FALSE
	EndGlobalSection
EndGlobal
